
Microsoft Visual Studio Solution File, Format Version 12.00
# Visual Studio 15
VisualStudioVersion = 15.0.28307.2092
MinimumVisualStudioVersion = 10.0.40219.1
Project("{8BC9CEB8-8B4A-11D0-8D11-00A0C91BC942}") = "hw1", "hw1\hw1.vcxproj", "{8CF32C4F-5FC3-4669-9EC2-79BF1673562C}"
EndProject
Global
	GlobalSection(SolutionConfigurationPlatforms) = preSolution
		Debug|x64 = Debug|x64
		Debug|x86 = Debug|x86
		Release|x64 = Release|x64
		Release|x86 = Release|x86
	EndGlobalSection
	GlobalSection(ProjectConfigurationPlatforms) = postSolution
		{8CF32C4F-5FC3-4669-9EC2-79BF1673562C}.Debug|x64.ActiveCfg = Debug|x64
		{8CF32C4F-5FC3-4669-9EC2-79BF1673562C}.Debug|x64.Build.0 = Debug|x64
		{8CF32C4F-5FC3-4669-9EC2-79BF1673562C}.Debug|x86.ActiveCfg = Debug|Win32
		{8CF32C4F-5FC3-4669-9EC2-79BF1673562C}.Debug|x86.Build.0 = Debug|Win32
		{8CF32C4F-5FC3-4669-9EC2-79BF1673562C}.Release|x64.ActiveCfg = Release|x64
		{8CF32C4F-5FC3-4669-9EC2-79BF1673562C}.Release|x64.Build.0 = Release|x64
		{8CF32C4F-5FC3-4669-9EC2-79BF1673562C}.Release|x86.ActiveCfg = Release|Win32
		{8CF32C4F-5FC3-4669-9EC2-79BF1673562C}.Release|x86.Build.0 = Release|Win32
	EndGlobalSection
	GlobalSection(SolutionProperties) = preSolution
		HideSolutionNode = FALSE
	EndGlobalSection
	GlobalSection(ExtensibilityGlobals) = postSolution
		SolutionGuid = {6CE5F60B-CF85-43F0-A16F-FA9BA27AE3C8}
	EndGlobalSection
EndGlobal
